
Microsoft Visual Studio Solution File, Format Version 12.00
# Visual Studio Version 17
VisualStudioVersion = 17.1.32421.90
MinimumVisualStudioVersion = 10.0.40219.1
Project("{8BC9CEB8-8B4A-11D0-8D11-00A0C91BC942}") = "CPP_Algorithm", "CPP_Algorithm\CPP_Algorithm.vcxproj", "{824C297D-F843-4C23-A337-E3085FC3F403}"
EndProject
Project("{8BC9CEB8-8B4A-11D0-8D11-00A0C91BC942}") = "Maze", "Maze\Maze.vcxproj", "{7B2F9898-3A8D-4669-A384-F2D40EA0F78A}"
EndProject
Project("{8BC9CEB8-8B4A-11D0-8D11-00A0C91BC942}") = "CPP_Algorithm(1. 동적배열구현연습)", "CPP_Algorithm(1. 동적배열구현연습)\CPP_Algorithm(1. 동적배열구현연습).vcxproj", "{423CD9F2-6FE9-40DC-8688-2C28ADF7D6CC}"
EndProject
Project("{8BC9CEB8-8B4A-11D0-8D11-00A0C91BC942}") = "CPP_Algorithm(2. 연결리스트구현연습)", "CPP_Algorithm(2. 연결리스트구현연습\CPP_Algorithm(2. 연결리스트구현연습.vcxproj", "{CB06185C-9501-479A-9F98-C9EAD36B8AA0}"
EndProject
Project("{8BC9CEB8-8B4A-11D0-8D11-00A0C91BC942}") = "CPP_Algorithm(3. 스택)", "CPP_Algorithm(3. 스택)\CPP_Algorithm(3. 스택).vcxproj", "{CCF5FECB-2DC8-4E83-A156-03B7D3C17CFE}"
EndProject
Project("{8BC9CEB8-8B4A-11D0-8D11-00A0C91BC942}") = "CPP_Algorithm(4. 큐)", "CPP_Algorithm(4. 큐)\CPP_Algorithm(4. 큐).vcxproj", "{E694DC2C-2CF2-4272-8216-B83772167A70}"
EndProject
Project("{8BC9CEB8-8B4A-11D0-8D11-00A0C91BC942}") = "CPP_Algorithm(5. 그래프 기초)", "CPP_Algorithm(5. 그래프 기초)\CPP_Algorithm(5. 그래프 기초).vcxproj", "{E3078E2F-DF5D-4B83-A50B-DCB9E38D26B1}"
EndProject
Project("{8BC9CEB8-8B4A-11D0-8D11-00A0C91BC942}") = "CPP_Algorithm(6. DFS)", "CPP_Algorithm(6. DFS)\CPP_Algorithm(6. DFS).vcxproj", "{356699D7-F03B-45AB-91CE-5DEDAC885A78}"
EndProject
Project("{8BC9CEB8-8B4A-11D0-8D11-00A0C91BC942}") = "CPP_Algorithm(7. BFS)", "CPP_Algorithm(7. BFS)\CPP_Algorithm(7. BFS).vcxproj", "{FEAD343D-63FC-49EE-800D-981B05C0454E}"
EndProject
Project("{8BC9CEB8-8B4A-11D0-8D11-00A0C91BC942}") = "CPP_Algorithm(8. 다익스트라 알고리즘)", "CPP_Algorithm(8. 다익스트라 알고리즘)\CPP_Algorithm(8. 다익스트라 알고리즘).vcxproj", "{DAC3A1F4-04BB-4FA0-A2E8-58E08BA33043}"
EndProject
Project("{8BC9CEB8-8B4A-11D0-8D11-00A0C91BC942}") = "CPP_Algorithm(9. 트리 기초)", "CPP_Algorithm(9. 트리 기초)\CPP_Algorithm(9. 트리 기초).vcxproj", "{DCB530E6-EE4E-4E20-804D-0561FE9FF5AE}"
EndProject
Project("{8BC9CEB8-8B4A-11D0-8D11-00A0C91BC942}") = "CPP_Algorithm(10. 힙, 우선 순위 큐)", "CPP_Algorithm(10. 힙 이론)\CPP_Algorithm(10. 힙 이론).vcxproj", "{421AA257-0C0D-411A-BA47-4D43C8C56218}"
EndProject
Project("{8BC9CEB8-8B4A-11D0-8D11-00A0C91BC942}") = "CPP_Algorithm(11. 이진탐색)", "CPP_Algorithm(10. 이진탐색)\CPP_Algorithm(10. 이진탐색).vcxproj", "{7928C27F-8BD3-4F2B-BD8B-35736EF555A5}"
EndProject
Project("{8BC9CEB8-8B4A-11D0-8D11-00A0C91BC942}") = "CPP_Algorithm(12. 이진탐색트리)", "CPP_Algorithm(12. 이진탐색트리)\CPP_Algorithm(12. 이진탐색트리).vcxproj", "{CCE6495D-E7DD-4139-AED4-FF902F29F2DA}"
EndProject
Project("{8BC9CEB8-8B4A-11D0-8D11-00A0C91BC942}") = "CPP_Algorithm(13. 레드블랙트리)", "CPP_Algorithm(13. 레드블랙트리)\CPP_Algorithm(13. 레드블랙트리).vcxproj", "{11181634-3A38-439A-818D-18DD81417FBA}"
EndProject
Project("{8BC9CEB8-8B4A-11D0-8D11-00A0C91BC942}") = "CPP_Algorithm(14. 정렬)", "CPP_Algorithm(14. 정렬)\CPP_Algorithm(14. 정렬).vcxproj", "{1AB09DAE-15A0-4264-A805-244FA823D18E}"
EndProject
Project("{8BC9CEB8-8B4A-11D0-8D11-00A0C91BC942}") = "CPP_Algorithm(15. 힙정렬과 병합정렬)", "CPP_Algorithm(15. 힙정렬과 병합정렬)\CPP_Algorithm(15. 힙정렬과 병합정렬).vcxproj", "{CBF23750-79CC-46C1-9BD8-6CA41ED668F4}"
EndProject
Project("{8BC9CEB8-8B4A-11D0-8D11-00A0C91BC942}") = "CPP_Algorithm(16. 퀵 정렬)", "CPP_Algorithm(16. 퀵 정렬)\CPP_Algorithm(16. 퀵 정렬).vcxproj", "{E138D2A9-CDA5-4036-8448-915EBE8FD37B}"
EndProject
Project("{8BC9CEB8-8B4A-11D0-8D11-00A0C91BC942}") = "CPP_Algorithm(17. 해시 테이블)", "CPP_Algorithm(17. 해시 테이블)\CPP_Algorithm(17. 해시 테이블).vcxproj", "{4415CCD9-4665-4BF6-B286-36D185F9E812}"
EndProject
Project("{8BC9CEB8-8B4A-11D0-8D11-00A0C91BC942}") = "CPP_Algorithm(18. 최소 스패닝 트리_Disjoint Set)", "CPP_Algorithm(18. 최소 스패닝 트리)\CPP_Algorithm(18. 최소 스패닝 트리).vcxproj", "{505046F4-561D-46E0-9043-B280AA8B113A}"
EndProject
Project("{8BC9CEB8-8B4A-11D0-8D11-00A0C91BC942}") = "CPP_Algorithm(19. 최소 스패닝 트리_Kruskal 알고리즘)", "CPP_Algorithm(19. 최소 스패닝 트리_Kruskal 알고리즘)\CPP_Algorithm(19. 최소 스패닝 트리_Kruskal 알고리즘).vcxproj", "{88EB78D2-F669-40E3-B020-8CD3BB68B125}"
EndProject
Project("{8BC9CEB8-8B4A-11D0-8D11-00A0C91BC942}") = "CPP_Alogrithm(19. 최소 스패닝 트리_Prim 알고리즘)", "CPP_Alogrithm(19. 최소 스패닝 트리_Prim 알고리즘)\CPP_Alogrithm(19. 최소 스패닝 트리_Prim 알고리즘).vcxproj", "{2A28579B-E5DF-446C-BC42-27EB8E3D2A49}"
EndProject
Project("{8BC9CEB8-8B4A-11D0-8D11-00A0C91BC942}") = "CPP_Algorithm(20. 동적 계획법)", "CPP_Algorithm(20. 동적 계획법)\CPP_Algorithm(20. 동적 계획법).vcxproj", "{DCC1F038-04AF-4BAC-A178-5435717E0BD2}"
EndProject
Project("{8BC9CEB8-8B4A-11D0-8D11-00A0C91BC942}") = "CPP_Algorithm(21. DP_LIS", "CPP_Algorithm(21. DP_LIS\CPP_Algorithm(21. DP_LIS.vcxproj", "{9FC02CB5-DEB7-45E3-ADA1-80FC9B4C793E}"
EndProject
Project("{8BC9CEB8-8B4A-11D0-8D11-00A0C91BC942}") = "CPP_Algorithm(22. DP_Triangle Path)", "CPP_Algorithm(22. DP_Triangle Path)\CPP_Algorithm(22. DP_Triangle Path).vcxproj", "{84DBF29F-9380-47B8-840C-EE57BF7D4103}"
EndProject
Project("{8BC9CEB8-8B4A-11D0-8D11-00A0C91BC942}") = "CPP_Algorithm(23. DP_TiC-TAE-TOE)", "CPP_Algorithm(23. DP_TiC-TAE-TOE)\CPP_Algorithm(23. DP_TiC-TAE-TOE).vcxproj", "{D67A9F49-CA7C-4E85-9464-CF22DA3C6A97}"
EndProject
Project("{8BC9CEB8-8B4A-11D0-8D11-00A0C91BC942}") = "CPP_Algorithm(24. Enchant)", "CPP_Algorithm(24. Enchant)\CPP_Algorithm(24. Enchant).vcxproj", "{BDF8A6E9-788E-4FE9-8F4A-8BDE5B5E1F58}"
EndProject
Project("{8BC9CEB8-8B4A-11D0-8D11-00A0C91BC942}") = "CPP_Alogithm(25. Kart-Rider)", "CPP_Alogithm(25. Kart-Rider)\CPP_Alogithm(25. Kart-Rider).vcxproj", "{B0F1B9B6-E399-4B94-AC25-DD2AEE535A02}"
EndProject
Global
	GlobalSection(SolutionConfigurationPlatforms) = preSolution
		Debug|x64 = Debug|x64
		Debug|x86 = Debug|x86
		Release|x64 = Release|x64
		Release|x86 = Release|x86
	EndGlobalSection
	GlobalSection(ProjectConfigurationPlatforms) = postSolution
		{824C297D-F843-4C23-A337-E3085FC3F403}.Debug|x64.ActiveCfg = Debug|x64
		{824C297D-F843-4C23-A337-E3085FC3F403}.Debug|x64.Build.0 = Debug|x64
		{824C297D-F843-4C23-A337-E3085FC3F403}.Debug|x86.ActiveCfg = Debug|Win32
		{824C297D-F843-4C23-A337-E3085FC3F403}.Debug|x86.Build.0 = Debug|Win32
		{824C297D-F843-4C23-A337-E3085FC3F403}.Release|x64.ActiveCfg = Release|x64
		{824C297D-F843-4C23-A337-E3085FC3F403}.Release|x64.Build.0 = Release|x64
		{824C297D-F843-4C23-A337-E3085FC3F403}.Release|x86.ActiveCfg = Release|Win32
		{824C297D-F843-4C23-A337-E3085FC3F403}.Release|x86.Build.0 = Release|Win32
		{7B2F9898-3A8D-4669-A384-F2D40EA0F78A}.Debug|x64.ActiveCfg = Debug|x64
		{7B2F9898-3A8D-4669-A384-F2D40EA0F78A}.Debug|x64.Build.0 = Debug|x64
		{7B2F9898-3A8D-4669-A384-F2D40EA0F78A}.Debug|x86.ActiveCfg = Debug|Win32
		{7B2F9898-3A8D-4669-A384-F2D40EA0F78A}.Debug|x86.Build.0 = Debug|Win32
		{7B2F9898-3A8D-4669-A384-F2D40EA0F78A}.Release|x64.ActiveCfg = Release|x64
		{7B2F9898-3A8D-4669-A384-F2D40EA0F78A}.Release|x64.Build.0 = Release|x64
		{7B2F9898-3A8D-4669-A384-F2D40EA0F78A}.Release|x86.ActiveCfg = Release|Win32
		{7B2F9898-3A8D-4669-A384-F2D40EA0F78A}.Release|x86.Build.0 = Release|Win32
		{423CD9F2-6FE9-40DC-8688-2C28ADF7D6CC}.Debug|x64.ActiveCfg = Debug|x64
		{423CD9F2-6FE9-40DC-8688-2C28ADF7D6CC}.Debug|x64.Build.0 = Debug|x64
		{423CD9F2-6FE9-40DC-8688-2C28ADF7D6CC}.Debug|x86.ActiveCfg = Debug|Win32
		{423CD9F2-6FE9-40DC-8688-2C28ADF7D6CC}.Debug|x86.Build.0 = Debug|Win32
		{423CD9F2-6FE9-40DC-8688-2C28ADF7D6CC}.Release|x64.ActiveCfg = Release|x64
		{423CD9F2-6FE9-40DC-8688-2C28ADF7D6CC}.Release|x64.Build.0 = Release|x64
		{423CD9F2-6FE9-40DC-8688-2C28ADF7D6CC}.Release|x86.ActiveCfg = Release|Win32
		{423CD9F2-6FE9-40DC-8688-2C28ADF7D6CC}.Release|x86.Build.0 = Release|Win32
		{CB06185C-9501-479A-9F98-C9EAD36B8AA0}.Debug|x64.ActiveCfg = Debug|x64
		{CB06185C-9501-479A-9F98-C9EAD36B8AA0}.Debug|x64.Build.0 = Debug|x64
		{CB06185C-9501-479A-9F98-C9EAD36B8AA0}.Debug|x86.ActiveCfg = Debug|Win32
		{CB06185C-9501-479A-9F98-C9EAD36B8AA0}.Debug|x86.Build.0 = Debug|Win32
		{CB06185C-9501-479A-9F98-C9EAD36B8AA0}.Release|x64.ActiveCfg = Release|x64
		{CB06185C-9501-479A-9F98-C9EAD36B8AA0}.Release|x64.Build.0 = Release|x64
		{CB06185C-9501-479A-9F98-C9EAD36B8AA0}.Release|x86.ActiveCfg = Release|Win32
		{CB06185C-9501-479A-9F98-C9EAD36B8AA0}.Release|x86.Build.0 = Release|Win32
		{CCF5FECB-2DC8-4E83-A156-03B7D3C17CFE}.Debug|x64.ActiveCfg = Debug|x64
		{CCF5FECB-2DC8-4E83-A156-03B7D3C17CFE}.Debug|x64.Build.0 = Debug|x64
		{CCF5FECB-2DC8-4E83-A156-03B7D3C17CFE}.Debug|x86.ActiveCfg = Debug|Win32
		{CCF5FECB-2DC8-4E83-A156-03B7D3C17CFE}.Debug|x86.Build.0 = Debug|Win32
		{CCF5FECB-2DC8-4E83-A156-03B7D3C17CFE}.Release|x64.ActiveCfg = Release|x64
		{CCF5FECB-2DC8-4E83-A156-03B7D3C17CFE}.Release|x64.Build.0 = Release|x64
		{CCF5FECB-2DC8-4E83-A156-03B7D3C17CFE}.Release|x86.ActiveCfg = Release|Win32
		{CCF5FECB-2DC8-4E83-A156-03B7D3C17CFE}.Release|x86.Build.0 = Release|Win32
		{E694DC2C-2CF2-4272-8216-B83772167A70}.Debug|x64.ActiveCfg = Debug|x64
		{E694DC2C-2CF2-4272-8216-B83772167A70}.Debug|x64.Build.0 = Debug|x64
		{E694DC2C-2CF2-4272-8216-B83772167A70}.Debug|x86.ActiveCfg = Debug|Win32
		{E694DC2C-2CF2-4272-8216-B83772167A70}.Debug|x86.Build.0 = Debug|Win32
		{E694DC2C-2CF2-4272-8216-B83772167A70}.Release|x64.ActiveCfg = Release|x64
		{E694DC2C-2CF2-4272-8216-B83772167A70}.Release|x64.Build.0 = Release|x64
		{E694DC2C-2CF2-4272-8216-B83772167A70}.Release|x86.ActiveCfg = Release|Win32
		{E694DC2C-2CF2-4272-8216-B83772167A70}.Release|x86.Build.0 = Release|Win32
		{E3078E2F-DF5D-4B83-A50B-DCB9E38D26B1}.Debug|x64.ActiveCfg = Debug|x64
		{E3078E2F-DF5D-4B83-A50B-DCB9E38D26B1}.Debug|x64.Build.0 = Debug|x64
		{E3078E2F-DF5D-4B83-A50B-DCB9E38D26B1}.Debug|x86.ActiveCfg = Debug|Win32
		{E3078E2F-DF5D-4B83-A50B-DCB9E38D26B1}.Debug|x86.Build.0 = Debug|Win32
		{E3078E2F-DF5D-4B83-A50B-DCB9E38D26B1}.Release|x64.ActiveCfg = Release|x64
		{E3078E2F-DF5D-4B83-A50B-DCB9E38D26B1}.Release|x64.Build.0 = Release|x64
		{E3078E2F-DF5D-4B83-A50B-DCB9E38D26B1}.Release|x86.ActiveCfg = Release|Win32
		{E3078E2F-DF5D-4B83-A50B-DCB9E38D26B1}.Release|x86.Build.0 = Release|Win32
		{356699D7-F03B-45AB-91CE-5DEDAC885A78}.Debug|x64.ActiveCfg = Debug|x64
		{356699D7-F03B-45AB-91CE-5DEDAC885A78}.Debug|x64.Build.0 = Debug|x64
		{356699D7-F03B-45AB-91CE-5DEDAC885A78}.Debug|x86.ActiveCfg = Debug|Win32
		{356699D7-F03B-45AB-91CE-5DEDAC885A78}.Debug|x86.Build.0 = Debug|Win32
		{356699D7-F03B-45AB-91CE-5DEDAC885A78}.Release|x64.ActiveCfg = Release|x64
		{356699D7-F03B-45AB-91CE-5DEDAC885A78}.Release|x64.Build.0 = Release|x64
		{356699D7-F03B-45AB-91CE-5DEDAC885A78}.Release|x86.ActiveCfg = Release|Win32
		{356699D7-F03B-45AB-91CE-5DEDAC885A78}.Release|x86.Build.0 = Release|Win32
		{FEAD343D-63FC-49EE-800D-981B05C0454E}.Debug|x64.ActiveCfg = Debug|x64
		{FEAD343D-63FC-49EE-800D-981B05C0454E}.Debug|x64.Build.0 = Debug|x64
		{FEAD343D-63FC-49EE-800D-981B05C0454E}.Debug|x86.ActiveCfg = Debug|Win32
		{FEAD343D-63FC-49EE-800D-981B05C0454E}.Debug|x86.Build.0 = Debug|Win32
		{FEAD343D-63FC-49EE-800D-981B05C0454E}.Release|x64.ActiveCfg = Release|x64
		{FEAD343D-63FC-49EE-800D-981B05C0454E}.Release|x64.Build.0 = Release|x64
		{FEAD343D-63FC-49EE-800D-981B05C0454E}.Release|x86.ActiveCfg = Release|Win32
		{FEAD343D-63FC-49EE-800D-981B05C0454E}.Release|x86.Build.0 = Release|Win32
		{DAC3A1F4-04BB-4FA0-A2E8-58E08BA33043}.Debug|x64.ActiveCfg = Debug|x64
		{DAC3A1F4-04BB-4FA0-A2E8-58E08BA33043}.Debug|x64.Build.0 = Debug|x64
		{DAC3A1F4-04BB-4FA0-A2E8-58E08BA33043}.Debug|x86.ActiveCfg = Debug|Win32
		{DAC3A1F4-04BB-4FA0-A2E8-58E08BA33043}.Debug|x86.Build.0 = Debug|Win32
		{DAC3A1F4-04BB-4FA0-A2E8-58E08BA33043}.Release|x64.ActiveCfg = Release|x64
		{DAC3A1F4-04BB-4FA0-A2E8-58E08BA33043}.Release|x64.Build.0 = Release|x64
		{DAC3A1F4-04BB-4FA0-A2E8-58E08BA33043}.Release|x86.ActiveCfg = Release|Win32
		{DAC3A1F4-04BB-4FA0-A2E8-58E08BA33043}.Release|x86.Build.0 = Release|Win32
		{DCB530E6-EE4E-4E20-804D-0561FE9FF5AE}.Debug|x64.ActiveCfg = Debug|x64
		{DCB530E6-EE4E-4E20-804D-0561FE9FF5AE}.Debug|x64.Build.0 = Debug|x64
		{DCB530E6-EE4E-4E20-804D-0561FE9FF5AE}.Debug|x86.ActiveCfg = Debug|Win32
		{DCB530E6-EE4E-4E20-804D-0561FE9FF5AE}.Debug|x86.Build.0 = Debug|Win32
		{DCB530E6-EE4E-4E20-804D-0561FE9FF5AE}.Release|x64.ActiveCfg = Release|x64
		{DCB530E6-EE4E-4E20-804D-0561FE9FF5AE}.Release|x64.Build.0 = Release|x64
		{DCB530E6-EE4E-4E20-804D-0561FE9FF5AE}.Release|x86.ActiveCfg = Release|Win32
		{DCB530E6-EE4E-4E20-804D-0561FE9FF5AE}.Release|x86.Build.0 = Release|Win32
		{421AA257-0C0D-411A-BA47-4D43C8C56218}.Debug|x64.ActiveCfg = Debug|x64
		{421AA257-0C0D-411A-BA47-4D43C8C56218}.Debug|x64.Build.0 = Debug|x64
		{421AA257-0C0D-411A-BA47-4D43C8C56218}.Debug|x86.ActiveCfg = Debug|Win32
		{421AA257-0C0D-411A-BA47-4D43C8C56218}.Debug|x86.Build.0 = Debug|Win32
		{421AA257-0C0D-411A-BA47-4D43C8C56218}.Release|x64.ActiveCfg = Release|x64
		{421AA257-0C0D-411A-BA47-4D43C8C56218}.Release|x64.Build.0 = Release|x64
		{421AA257-0C0D-411A-BA47-4D43C8C56218}.Release|x86.ActiveCfg = Release|Win32
		{421AA257-0C0D-411A-BA47-4D43C8C56218}.Release|x86.Build.0 = Release|Win32
		{7928C27F-8BD3-4F2B-BD8B-35736EF555A5}.Debug|x64.ActiveCfg = Debug|x64
		{7928C27F-8BD3-4F2B-BD8B-35736EF555A5}.Debug|x64.Build.0 = Debug|x64
		{7928C27F-8BD3-4F2B-BD8B-35736EF555A5}.Debug|x86.ActiveCfg = Debug|Win32
		{7928C27F-8BD3-4F2B-BD8B-35736EF555A5}.Debug|x86.Build.0 = Debug|Win32
		{7928C27F-8BD3-4F2B-BD8B-35736EF555A5}.Release|x64.ActiveCfg = Release|x64
		{7928C27F-8BD3-4F2B-BD8B-35736EF555A5}.Release|x64.Build.0 = Release|x64
		{7928C27F-8BD3-4F2B-BD8B-35736EF555A5}.Release|x86.ActiveCfg = Release|Win32
		{7928C27F-8BD3-4F2B-BD8B-35736EF555A5}.Release|x86.Build.0 = Release|Win32
		{CCE6495D-E7DD-4139-AED4-FF902F29F2DA}.Debug|x64.ActiveCfg = Debug|x64
		{CCE6495D-E7DD-4139-AED4-FF902F29F2DA}.Debug|x64.Build.0 = Debug|x64
		{CCE6495D-E7DD-4139-AED4-FF902F29F2DA}.Debug|x86.ActiveCfg = Debug|Win32
		{CCE6495D-E7DD-4139-AED4-FF902F29F2DA}.Debug|x86.Build.0 = Debug|Win32
		{CCE6495D-E7DD-4139-AED4-FF902F29F2DA}.Release|x64.ActiveCfg = Release|x64
		{CCE6495D-E7DD-4139-AED4-FF902F29F2DA}.Release|x64.Build.0 = Release|x64
		{CCE6495D-E7DD-4139-AED4-FF902F29F2DA}.Release|x86.ActiveCfg = Release|Win32
		{CCE6495D-E7DD-4139-AED4-FF902F29F2DA}.Release|x86.Build.0 = Release|Win32
		{11181634-3A38-439A-818D-18DD81417FBA}.Debug|x64.ActiveCfg = Debug|x64
		{11181634-3A38-439A-818D-18DD81417FBA}.Debug|x64.Build.0 = Debug|x64
		{11181634-3A38-439A-818D-18DD81417FBA}.Debug|x86.ActiveCfg = Debug|Win32
		{11181634-3A38-439A-818D-18DD81417FBA}.Debug|x86.Build.0 = Debug|Win32
		{11181634-3A38-439A-818D-18DD81417FBA}.Release|x64.ActiveCfg = Release|x64
		{11181634-3A38-439A-818D-18DD81417FBA}.Release|x64.Build.0 = Release|x64
		{11181634-3A38-439A-818D-18DD81417FBA}.Release|x86.ActiveCfg = Release|Win32
		{11181634-3A38-439A-818D-18DD81417FBA}.Release|x86.Build.0 = Release|Win32
		{1AB09DAE-15A0-4264-A805-244FA823D18E}.Debug|x64.ActiveCfg = Debug|x64
		{1AB09DAE-15A0-4264-A805-244FA823D18E}.Debug|x64.Build.0 = Debug|x64
		{1AB09DAE-15A0-4264-A805-244FA823D18E}.Debug|x86.ActiveCfg = Debug|Win32
		{1AB09DAE-15A0-4264-A805-244FA823D18E}.Debug|x86.Build.0 = Debug|Win32
		{1AB09DAE-15A0-4264-A805-244FA823D18E}.Release|x64.ActiveCfg = Release|x64
		{1AB09DAE-15A0-4264-A805-244FA823D18E}.Release|x64.Build.0 = Release|x64
		{1AB09DAE-15A0-4264-A805-244FA823D18E}.Release|x86.ActiveCfg = Release|Win32
		{1AB09DAE-15A0-4264-A805-244FA823D18E}.Release|x86.Build.0 = Release|Win32
		{CBF23750-79CC-46C1-9BD8-6CA41ED668F4}.Debug|x64.ActiveCfg = Debug|x64
		{CBF23750-79CC-46C1-9BD8-6CA41ED668F4}.Debug|x64.Build.0 = Debug|x64
		{CBF23750-79CC-46C1-9BD8-6CA41ED668F4}.Debug|x86.ActiveCfg = Debug|Win32
		{CBF23750-79CC-46C1-9BD8-6CA41ED668F4}.Debug|x86.Build.0 = Debug|Win32
		{CBF23750-79CC-46C1-9BD8-6CA41ED668F4}.Release|x64.ActiveCfg = Release|x64
		{CBF23750-79CC-46C1-9BD8-6CA41ED668F4}.Release|x64.Build.0 = Release|x64
		{CBF23750-79CC-46C1-9BD8-6CA41ED668F4}.Release|x86.ActiveCfg = Release|Win32
		{CBF23750-79CC-46C1-9BD8-6CA41ED668F4}.Release|x86.Build.0 = Release|Win32
		{E138D2A9-CDA5-4036-8448-915EBE8FD37B}.Debug|x64.ActiveCfg = Debug|x64
		{E138D2A9-CDA5-4036-8448-915EBE8FD37B}.Debug|x64.Build.0 = Debug|x64
		{E138D2A9-CDA5-4036-8448-915EBE8FD37B}.Debug|x86.ActiveCfg = Debug|Win32
		{E138D2A9-CDA5-4036-8448-915EBE8FD37B}.Debug|x86.Build.0 = Debug|Win32
		{E138D2A9-CDA5-4036-8448-915EBE8FD37B}.Release|x64.ActiveCfg = Release|x64
		{E138D2A9-CDA5-4036-8448-915EBE8FD37B}.Release|x64.Build.0 = Release|x64
		{E138D2A9-CDA5-4036-8448-915EBE8FD37B}.Release|x86.ActiveCfg = Release|Win32
		{E138D2A9-CDA5-4036-8448-915EBE8FD37B}.Release|x86.Build.0 = Release|Win32
		{4415CCD9-4665-4BF6-B286-36D185F9E812}.Debug|x64.ActiveCfg = Debug|x64
		{4415CCD9-4665-4BF6-B286-36D185F9E812}.Debug|x64.Build.0 = Debug|x64
		{4415CCD9-4665-4BF6-B286-36D185F9E812}.Debug|x86.ActiveCfg = Debug|Win32
		{4415CCD9-4665-4BF6-B286-36D185F9E812}.Debug|x86.Build.0 = Debug|Win32
		{4415CCD9-4665-4BF6-B286-36D185F9E812}.Release|x64.ActiveCfg = Release|x64
		{4415CCD9-4665-4BF6-B286-36D185F9E812}.Release|x64.Build.0 = Release|x64
		{4415CCD9-4665-4BF6-B286-36D185F9E812}.Release|x86.ActiveCfg = Release|Win32
		{4415CCD9-4665-4BF6-B286-36D185F9E812}.Release|x86.Build.0 = Release|Win32
		{505046F4-561D-46E0-9043-B280AA8B113A}.Debug|x64.ActiveCfg = Debug|x64
		{505046F4-561D-46E0-9043-B280AA8B113A}.Debug|x64.Build.0 = Debug|x64
		{505046F4-561D-46E0-9043-B280AA8B113A}.Debug|x86.ActiveCfg = Debug|Win32
		{505046F4-561D-46E0-9043-B280AA8B113A}.Debug|x86.Build.0 = Debug|Win32
		{505046F4-561D-46E0-9043-B280AA8B113A}.Release|x64.ActiveCfg = Release|x64
		{505046F4-561D-46E0-9043-B280AA8B113A}.Release|x64.Build.0 = Release|x64
		{505046F4-561D-46E0-9043-B280AA8B113A}.Release|x86.ActiveCfg = Release|Win32
		{505046F4-561D-46E0-9043-B280AA8B113A}.Release|x86.Build.0 = Release|Win32
		{88EB78D2-F669-40E3-B020-8CD3BB68B125}.Debug|x64.ActiveCfg = Debug|x64
		{88EB78D2-F669-40E3-B020-8CD3BB68B125}.Debug|x64.Build.0 = Debug|x64
		{88EB78D2-F669-40E3-B020-8CD3BB68B125}.Debug|x86.ActiveCfg = Debug|Win32
		{88EB78D2-F669-40E3-B020-8CD3BB68B125}.Debug|x86.Build.0 = Debug|Win32
		{88EB78D2-F669-40E3-B020-8CD3BB68B125}.Release|x64.ActiveCfg = Release|x64
		{88EB78D2-F669-40E3-B020-8CD3BB68B125}.Release|x64.Build.0 = Release|x64
		{88EB78D2-F669-40E3-B020-8CD3BB68B125}.Release|x86.ActiveCfg = Release|Win32
		{88EB78D2-F669-40E3-B020-8CD3BB68B125}.Release|x86.Build.0 = Release|Win32
		{2A28579B-E5DF-446C-BC42-27EB8E3D2A49}.Debug|x64.ActiveCfg = Debug|x64
		{2A28579B-E5DF-446C-BC42-27EB8E3D2A49}.Debug|x64.Build.0 = Debug|x64
		{2A28579B-E5DF-446C-BC42-27EB8E3D2A49}.Debug|x86.ActiveCfg = Debug|Win32
		{2A28579B-E5DF-446C-BC42-27EB8E3D2A49}.Debug|x86.Build.0 = Debug|Win32
		{2A28579B-E5DF-446C-BC42-27EB8E3D2A49}.Release|x64.ActiveCfg = Release|x64
		{2A28579B-E5DF-446C-BC42-27EB8E3D2A49}.Release|x64.Build.0 = Release|x64
		{2A28579B-E5DF-446C-BC42-27EB8E3D2A49}.Release|x86.ActiveCfg = Release|Win32
		{2A28579B-E5DF-446C-BC42-27EB8E3D2A49}.Release|x86.Build.0 = Release|Win32
		{DCC1F038-04AF-4BAC-A178-5435717E0BD2}.Debug|x64.ActiveCfg = Debug|x64
		{DCC1F038-04AF-4BAC-A178-5435717E0BD2}.Debug|x64.Build.0 = Debug|x64
		{DCC1F038-04AF-4BAC-A178-5435717E0BD2}.Debug|x86.ActiveCfg = Debug|Win32
		{DCC1F038-04AF-4BAC-A178-5435717E0BD2}.Debug|x86.Build.0 = Debug|Win32
		{DCC1F038-04AF-4BAC-A178-5435717E0BD2}.Release|x64.ActiveCfg = Release|x64
		{DCC1F038-04AF-4BAC-A178-5435717E0BD2}.Release|x64.Build.0 = Release|x64
		{DCC1F038-04AF-4BAC-A178-5435717E0BD2}.Release|x86.ActiveCfg = Release|Win32
		{DCC1F038-04AF-4BAC-A178-5435717E0BD2}.Release|x86.Build.0 = Release|Win32
		{9FC02CB5-DEB7-45E3-ADA1-80FC9B4C793E}.Debug|x64.ActiveCfg = Debug|x64
		{9FC02CB5-DEB7-45E3-ADA1-80FC9B4C793E}.Debug|x64.Build.0 = Debug|x64
		{9FC02CB5-DEB7-45E3-ADA1-80FC9B4C793E}.Debug|x86.ActiveCfg = Debug|Win32
		{9FC02CB5-DEB7-45E3-ADA1-80FC9B4C793E}.Debug|x86.Build.0 = Debug|Win32
		{9FC02CB5-DEB7-45E3-ADA1-80FC9B4C793E}.Release|x64.ActiveCfg = Release|x64
		{9FC02CB5-DEB7-45E3-ADA1-80FC9B4C793E}.Release|x64.Build.0 = Release|x64
		{9FC02CB5-DEB7-45E3-ADA1-80FC9B4C793E}.Release|x86.ActiveCfg = Release|Win32
		{9FC02CB5-DEB7-45E3-ADA1-80FC9B4C793E}.Release|x86.Build.0 = Release|Win32
		{84DBF29F-9380-47B8-840C-EE57BF7D4103}.Debug|x64.ActiveCfg = Debug|x64
		{84DBF29F-9380-47B8-840C-EE57BF7D4103}.Debug|x64.Build.0 = Debug|x64
		{84DBF29F-9380-47B8-840C-EE57BF7D4103}.Debug|x86.ActiveCfg = Debug|Win32
		{84DBF29F-9380-47B8-840C-EE57BF7D4103}.Debug|x86.Build.0 = Debug|Win32
		{84DBF29F-9380-47B8-840C-EE57BF7D4103}.Release|x64.ActiveCfg = Release|x64
		{84DBF29F-9380-47B8-840C-EE57BF7D4103}.Release|x64.Build.0 = Release|x64
		{84DBF29F-9380-47B8-840C-EE57BF7D4103}.Release|x86.ActiveCfg = Release|Win32
		{84DBF29F-9380-47B8-840C-EE57BF7D4103}.Release|x86.Build.0 = Release|Win32
		{D67A9F49-CA7C-4E85-9464-CF22DA3C6A97}.Debug|x64.ActiveCfg = Debug|x64
		{D67A9F49-CA7C-4E85-9464-CF22DA3C6A97}.Debug|x64.Build.0 = Debug|x64
		{D67A9F49-CA7C-4E85-9464-CF22DA3C6A97}.Debug|x86.ActiveCfg = Debug|Win32
		{D67A9F49-CA7C-4E85-9464-CF22DA3C6A97}.Debug|x86.Build.0 = Debug|Win32
		{D67A9F49-CA7C-4E85-9464-CF22DA3C6A97}.Release|x64.ActiveCfg = Release|x64
		{D67A9F49-CA7C-4E85-9464-CF22DA3C6A97}.Release|x64.Build.0 = Release|x64
		{D67A9F49-CA7C-4E85-9464-CF22DA3C6A97}.Release|x86.ActiveCfg = Release|Win32
		{D67A9F49-CA7C-4E85-9464-CF22DA3C6A97}.Release|x86.Build.0 = Release|Win32
		{BDF8A6E9-788E-4FE9-8F4A-8BDE5B5E1F58}.Debug|x64.ActiveCfg = Debug|x64
		{BDF8A6E9-788E-4FE9-8F4A-8BDE5B5E1F58}.Debug|x64.Build.0 = Debug|x64
		{BDF8A6E9-788E-4FE9-8F4A-8BDE5B5E1F58}.Debug|x86.ActiveCfg = Debug|Win32
		{BDF8A6E9-788E-4FE9-8F4A-8BDE5B5E1F58}.Debug|x86.Build.0 = Debug|Win32
		{BDF8A6E9-788E-4FE9-8F4A-8BDE5B5E1F58}.Release|x64.ActiveCfg = Release|x64
		{BDF8A6E9-788E-4FE9-8F4A-8BDE5B5E1F58}.Release|x64.Build.0 = Release|x64
		{BDF8A6E9-788E-4FE9-8F4A-8BDE5B5E1F58}.Release|x86.ActiveCfg = Release|Win32
		{BDF8A6E9-788E-4FE9-8F4A-8BDE5B5E1F58}.Release|x86.Build.0 = Release|Win32
		{B0F1B9B6-E399-4B94-AC25-DD2AEE535A02}.Debug|x64.ActiveCfg = Debug|x64
		{B0F1B9B6-E399-4B94-AC25-DD2AEE535A02}.Debug|x64.Build.0 = Debug|x64
		{B0F1B9B6-E399-4B94-AC25-DD2AEE535A02}.Debug|x86.ActiveCfg = Debug|Win32
		{B0F1B9B6-E399-4B94-AC25-DD2AEE535A02}.Debug|x86.Build.0 = Debug|Win32
		{B0F1B9B6-E399-4B94-AC25-DD2AEE535A02}.Release|x64.ActiveCfg = Release|x64
		{B0F1B9B6-E399-4B94-AC25-DD2AEE535A02}.Release|x64.Build.0 = Release|x64
		{B0F1B9B6-E399-4B94-AC25-DD2AEE535A02}.Release|x86.ActiveCfg = Release|Win32
		{B0F1B9B6-E399-4B94-AC25-DD2AEE535A02}.Release|x86.Build.0 = Release|Win32
	EndGlobalSection
	GlobalSection(SolutionProperties) = preSolution
		HideSolutionNode = FALSE
	EndGlobalSection
	GlobalSection(ExtensibilityGlobals) = postSolution
		SolutionGuid = {23CB399E-E1D8-41A4-B514-692D7F6A4C8D}
	EndGlobalSection
EndGlobal
