
Microsoft Visual Studio Solution File, Format Version 12.00
# Visual Studio Version 17
VisualStudioVersion = 17.1.32421.90
MinimumVisualStudioVersion = 10.0.40219.1
Project("{8BC9CEB8-8B4A-11D0-8D11-00A0C91BC942}") = "CPP_Algorithm", "CPP_Algorithm\CPP_Algorithm.vcxproj", "{824C297D-F843-4C23-A337-E3085FC3F403}"
EndProject
Project("{8BC9CEB8-8B4A-11D0-8D11-00A0C91BC942}") = "Maze", "Maze\Maze.vcxproj", "{7B2F9898-3A8D-4669-A384-F2D40EA0F78A}"
EndProject
Project("{8BC9CEB8-8B4A-11D0-8D11-00A0C91BC942}") = "CPP_Algorithm(1. 동적배열구현연습)", "CPP_Algorithm(1. 동적배열구현연습)\CPP_Algorithm(1. 동적배열구현연습).vcxproj", "{423CD9F2-6FE9-40DC-8688-2C28ADF7D6CC}"
EndProject
Project("{8BC9CEB8-8B4A-11D0-8D11-00A0C91BC942}") = "CPP_Algorithm(2. 연결리스트구현연습)", "CPP_Algorithm(2. 연결리스트구현연습\CPP_Algorithm(2. 연결리스트구현연습.vcxproj", "{CB06185C-9501-479A-9F98-C9EAD36B8AA0}"
EndProject
Global
	GlobalSection(SolutionConfigurationPlatforms) = preSolution
		Debug|x64 = Debug|x64
		Debug|x86 = Debug|x86
		Release|x64 = Release|x64
		Release|x86 = Release|x86
	EndGlobalSection
	GlobalSection(ProjectConfigurationPlatforms) = postSolution
		{824C297D-F843-4C23-A337-E3085FC3F403}.Debug|x64.ActiveCfg = Debug|x64
		{824C297D-F843-4C23-A337-E3085FC3F403}.Debug|x64.Build.0 = Debug|x64
		{824C297D-F843-4C23-A337-E3085FC3F403}.Debug|x86.ActiveCfg = Debug|Win32
		{824C297D-F843-4C23-A337-E3085FC3F403}.Debug|x86.Build.0 = Debug|Win32
		{824C297D-F843-4C23-A337-E3085FC3F403}.Release|x64.ActiveCfg = Release|x64
		{824C297D-F843-4C23-A337-E3085FC3F403}.Release|x64.Build.0 = Release|x64
		{824C297D-F843-4C23-A337-E3085FC3F403}.Release|x86.ActiveCfg = Release|Win32
		{824C297D-F843-4C23-A337-E3085FC3F403}.Release|x86.Build.0 = Release|Win32
		{7B2F9898-3A8D-4669-A384-F2D40EA0F78A}.Debug|x64.ActiveCfg = Debug|x64
		{7B2F9898-3A8D-4669-A384-F2D40EA0F78A}.Debug|x64.Build.0 = Debug|x64
		{7B2F9898-3A8D-4669-A384-F2D40EA0F78A}.Debug|x86.ActiveCfg = Debug|Win32
		{7B2F9898-3A8D-4669-A384-F2D40EA0F78A}.Debug|x86.Build.0 = Debug|Win32
		{7B2F9898-3A8D-4669-A384-F2D40EA0F78A}.Release|x64.ActiveCfg = Release|x64
		{7B2F9898-3A8D-4669-A384-F2D40EA0F78A}.Release|x64.Build.0 = Release|x64
		{7B2F9898-3A8D-4669-A384-F2D40EA0F78A}.Release|x86.ActiveCfg = Release|Win32
		{7B2F9898-3A8D-4669-A384-F2D40EA0F78A}.Release|x86.Build.0 = Release|Win32
		{423CD9F2-6FE9-40DC-8688-2C28ADF7D6CC}.Debug|x64.ActiveCfg = Debug|x64
		{423CD9F2-6FE9-40DC-8688-2C28ADF7D6CC}.Debug|x64.Build.0 = Debug|x64
		{423CD9F2-6FE9-40DC-8688-2C28ADF7D6CC}.Debug|x86.ActiveCfg = Debug|Win32
		{423CD9F2-6FE9-40DC-8688-2C28ADF7D6CC}.Debug|x86.Build.0 = Debug|Win32
		{423CD9F2-6FE9-40DC-8688-2C28ADF7D6CC}.Release|x64.ActiveCfg = Release|x64
		{423CD9F2-6FE9-40DC-8688-2C28ADF7D6CC}.Release|x64.Build.0 = Release|x64
		{423CD9F2-6FE9-40DC-8688-2C28ADF7D6CC}.Release|x86.ActiveCfg = Release|Win32
		{423CD9F2-6FE9-40DC-8688-2C28ADF7D6CC}.Release|x86.Build.0 = Release|Win32
		{CB06185C-9501-479A-9F98-C9EAD36B8AA0}.Debug|x64.ActiveCfg = Debug|x64
		{CB06185C-9501-479A-9F98-C9EAD36B8AA0}.Debug|x64.Build.0 = Debug|x64
		{CB06185C-9501-479A-9F98-C9EAD36B8AA0}.Debug|x86.ActiveCfg = Debug|Win32
		{CB06185C-9501-479A-9F98-C9EAD36B8AA0}.Debug|x86.Build.0 = Debug|Win32
		{CB06185C-9501-479A-9F98-C9EAD36B8AA0}.Release|x64.ActiveCfg = Release|x64
		{CB06185C-9501-479A-9F98-C9EAD36B8AA0}.Release|x64.Build.0 = Release|x64
		{CB06185C-9501-479A-9F98-C9EAD36B8AA0}.Release|x86.ActiveCfg = Release|Win32
		{CB06185C-9501-479A-9F98-C9EAD36B8AA0}.Release|x86.Build.0 = Release|Win32
	EndGlobalSection
	GlobalSection(SolutionProperties) = preSolution
		HideSolutionNode = FALSE
	EndGlobalSection
	GlobalSection(ExtensibilityGlobals) = postSolution
		SolutionGuid = {23CB399E-E1D8-41A4-B514-692D7F6A4C8D}
	EndGlobalSection
EndGlobal
